<?xml version="1.0" encoding="UTF-8" standalone="yes" ?>
<CodeBlocks_project_file>
	<FileVersion major="1" minor="6" />
	<Project>
		<Option title="db_tests_mysqlpp2" />
		<Option pch_mode="2" />
		<Option compiler="gcc" />
		<Build>
			<Target title="Release">
				<Option output="bin/Release/db_tests_mysqlpp2" prefix_auto="1" extension_auto="1" />
				<Option object_output="obj/Release/" />
				<Option type="1" />
				<Option compiler="gcc" />
				<Compiler>
					<Add option="-O2" />
				</Compiler>
				<Linker>
					<Add option="-s" />
				</Linker>
			</Target>
		</Build>
		<Compiler>
			<Add option="-Wall" />
			<Add option="-std=c++14" />
			<Add option="-fexceptions" />
			<Add option="-Dwic_weather_comparison" />
			<Add directory="/usr/include/mysql/" />
		</Compiler>
		<Linker>
			<Add library="mysqlpp" />
			<Add library="mysqlclient" />
		</Linker>
		<Unit filename="../../../src/api/Types.cpp" />
		<Unit filename="../../../src/api/Types.hpp" />
		<Unit filename="../../../src/data/Forecast.cpp" />
		<Unit filename="../../../src/data/Forecast.hpp" />
		<Unit filename="../../../src/data/ForecastMeta.cpp" />
		<Unit filename="../../../src/data/ForecastMeta.hpp" />
		<Unit filename="../../../src/data/Location.cpp" />
		<Unit filename="../../../src/data/Location.hpp" />
		<Unit filename="../../../src/data/Weather.cpp" />
		<Unit filename="../../../src/data/Weather.hpp" />
		<Unit filename="../../../src/data/WeatherMeta.cpp" />
		<Unit filename="../../../src/data/WeatherMeta.hpp" />
		<Unit filename="../../../src/db/ConnectionInformation.cpp" />
		<Unit filename="../../../src/db/ConnectionInformation.hpp" />
		<Unit filename="../../../src/db/mysqlpp/SourceMySQL.cpp" />
		<Unit filename="../../../src/db/mysqlpp/SourceMySQL.hpp" />
		<Unit filename="../../../src/db/mysqlpp/StoreMySQL.cpp" />
		<Unit filename="../../../src/db/mysqlpp/StoreMySQL.hpp" />
		<Unit filename="../../../src/db/mysqlpp/Structure.cpp" />
		<Unit filename="../../../src/db/mysqlpp/Structure.hpp" />
		<Unit filename="../../../src/db/mysqlpp/Utilities.cpp" />
		<Unit filename="../../../src/db/mysqlpp/Utilities.hpp" />
		<Unit filename="../../../src/util/Environment.cpp" />
		<Unit filename="../../../src/util/Environment.hpp" />
		<Unit filename="../../../src/util/Strings.cpp" />
		<Unit filename="../../../src/util/Strings.hpp" />
		<Unit filename="../CiConnection.cpp" />
		<Unit filename="../CiConnection.hpp" />
		<Unit filename="../CiData.cpp" />
		<Unit filename="../CiData.hpp" />
		<Unit filename="../InitDB.hpp" />
		<Unit filename="../mysqlpp/InitDB.cpp" />
		<Unit filename="SourceMySQL.cpp" />
		<Unit filename="main.cpp" />
		<Extensions>
			<code_completion />
			<envvars />
			<lib_finder disable_auto="1" />
			<debugger />
		</Extensions>
	</Project>
</CodeBlocks_project_file>
