<?xml version="1.0" encoding="UTF-8" standalone="yes" ?>
<CodeBlocks_project_file>
	<FileVersion major="1" minor="6" />
	<Project>
		<Option title="nlohmannjson-tests" />
		<Option pch_mode="2" />
		<Option compiler="gcc" />
		<Build>
			<Target title="Release">
				<Option output="bin/Release/nlohmannjson-tests" prefix_auto="1" extension_auto="1" />
				<Option object_output="obj/Release/" />
				<Option type="1" />
				<Option compiler="gcc" />
				<Compiler>
					<Add option="-O2" />
				</Compiler>
				<Linker>
					<Add option="-s" />
				</Linker>
			</Target>
		</Build>
		<Compiler>
			<Add option="-pedantic" />
			<Add option="-Wextra" />
			<Add option="-Wall" />
			<Add option="-std=c++17" />
			<Add option="-fexceptions" />
			<Add option="-Dwic_owm_find_location" />
		</Compiler>
		<Unit filename="../../../src/data/Forecast.cpp" />
		<Unit filename="../../../src/data/Forecast.hpp" />
		<Unit filename="../../../src/data/Location.cpp" />
		<Unit filename="../../../src/data/Location.hpp" />
		<Unit filename="../../../src/data/Weather.cpp" />
		<Unit filename="../../../src/data/Weather.hpp" />
		<Unit filename="../../../src/json/ApixuFunctions.cpp" />
		<Unit filename="../../../src/json/ApixuFunctions.hpp" />
		<Unit filename="../../../src/json/NLohmannJsonApixu.cpp" />
		<Unit filename="../../../src/json/NLohmannJsonApixu.hpp" />
		<Unit filename="../../../src/json/NLohmannJsonDarkSky.cpp" />
		<Unit filename="../../../src/json/NLohmannJsonDarkSky.hpp" />
		<Unit filename="../../../src/json/NLohmannJsonOpenMeteo.cpp" />
		<Unit filename="../../../src/json/NLohmannJsonOpenMeteo.hpp" />
		<Unit filename="../../../src/json/NLohmannJsonOwm.cpp" />
		<Unit filename="../../../src/json/NLohmannJsonOwm.hpp" />
		<Unit filename="../../../src/json/NLohmannJsonWeatherbit.cpp" />
		<Unit filename="../../../src/json/NLohmannJsonWeatherbit.hpp" />
		<Unit filename="../../../src/json/NLohmannJsonWeatherstack.cpp" />
		<Unit filename="../../../src/json/NLohmannJsonWeatherstack.hpp" />
		<Unit filename="../../../src/json/OpenMeteoFunctions.cpp" />
		<Unit filename="../../../src/json/OpenMeteoFunctions.hpp" />
		<Unit filename="../../../src/json/WeatherstackFunctions.cpp" />
		<Unit filename="../../../src/json/WeatherstackFunctions.hpp" />
		<Unit filename="../../../src/util/NumericPrecision.hpp" />
		<Unit filename="../../../third-party/nlohmann/json.hpp" />
		<Unit filename="../../find_catch.hpp" />
		<Unit filename="NLohmannJsonApixu.cpp" />
		<Unit filename="NLohmannJsonDarkSky.cpp" />
		<Unit filename="NLohmannJsonOpenMeteo.cpp" />
		<Unit filename="NLohmannJsonOwm.cpp" />
		<Unit filename="NLohmannJsonWeatherbit.cpp" />
		<Unit filename="NLohmannJsonWeatherstack.cpp" />
		<Unit filename="main.cpp" />
		<Extensions />
	</Project>
</CodeBlocks_project_file>
