<?xml version="1.0" encoding="UTF-8" standalone="yes" ?>
<CodeBlocks_project_file>
	<FileVersion major="1" minor="6" />
	<Project>
		<Option title="tests" />
		<Option pch_mode="2" />
		<Option compiler="gcc" />
		<Build>
			<Target title="Release">
				<Option output="bin/Release/tests" prefix_auto="1" extension_auto="1" />
				<Option object_output="obj/Release/" />
				<Option type="1" />
				<Option compiler="gcc" />
				<Compiler>
					<Add option="-O2" />
				</Compiler>
				<Linker>
					<Add option="-s" />
				</Linker>
			</Target>
		</Build>
		<Compiler>
			<Add option="-Weffc++" />
			<Add option="-Wall" />
			<Add option="-std=c++17" />
			<Add option="-fexceptions" />
			<Add option="-Dwic_no_json_parsing" />
			<Add option="-Dwic_no_network_requests" />
		</Compiler>
		<Linker>
			<Add library="stdc++fs" />
		</Linker>
		<Unit filename="../../src/api/Apixu.cpp" />
		<Unit filename="../../src/api/Apixu.hpp" />
		<Unit filename="../../src/api/DarkSky.cpp" />
		<Unit filename="../../src/api/DarkSky.hpp" />
		<Unit filename="../../src/api/Factory.cpp" />
		<Unit filename="../../src/api/Factory.hpp" />
		<Unit filename="../../src/api/Limit.cpp" />
		<Unit filename="../../src/api/Limit.hpp" />
		<Unit filename="../../src/api/Limits.cpp" />
		<Unit filename="../../src/api/Limits.hpp" />
		<Unit filename="../../src/api/OpenWeatherMap.cpp" />
		<Unit filename="../../src/api/OpenWeatherMap.hpp" />
		<Unit filename="../../src/api/Plans.cpp" />
		<Unit filename="../../src/api/Plans.hpp" />
		<Unit filename="../../src/api/Types.cpp" />
		<Unit filename="../../src/api/Types.hpp" />
		<Unit filename="../../src/api/Weatherbit.cpp" />
		<Unit filename="../../src/api/Weatherbit.hpp" />
		<Unit filename="../../src/api/Weatherstack.cpp" />
		<Unit filename="../../src/api/Weatherstack.hpp" />
		<Unit filename="../../src/conf/Configuration.cpp" />
		<Unit filename="../../src/conf/Configuration.hpp" />
		<Unit filename="../../src/data/Forecast.cpp" />
		<Unit filename="../../src/data/Forecast.hpp" />
		<Unit filename="../../src/data/Location.cpp" />
		<Unit filename="../../src/data/Location.hpp" />
		<Unit filename="../../src/data/Weather.cpp" />
		<Unit filename="../../src/data/Weather.hpp" />
		<Unit filename="../../src/db/ConnectionInformation.cpp" />
		<Unit filename="../../src/db/ConnectionInformation.hpp" />
		<Unit filename="../../src/store/Store.hpp" />
		<Unit filename="../../src/tasks/Task.cpp" />
		<Unit filename="../../src/tasks/Task.hpp" />
		<Unit filename="../../src/tasks/TaskManager.cpp" />
		<Unit filename="../../src/tasks/TaskManager.hpp" />
		<Unit filename="../../src/util/Directories.cpp" />
		<Unit filename="../../src/util/Directories.hpp" />
		<Unit filename="../../src/util/SemVer.cpp" />
		<Unit filename="../../src/util/SemVer.hpp" />
		<Unit filename="../../src/util/Strings.cpp" />
		<Unit filename="../../src/util/Strings.hpp" />
		<Unit filename="api/Factory.cpp" />
		<Unit filename="api/Plans.cpp" />
		<Unit filename="api/SupportedDataTypes.cpp" />
		<Unit filename="api/Types.cpp" />
		<Unit filename="conf/Configuration.cpp" />
		<Unit filename="data/Location.cpp" />
		<Unit filename="data/Weather.cpp" />
		<Unit filename="db/ConnectionInformation.cpp" />
		<Unit filename="main.cpp" />
		<Unit filename="tasks/Plans.cpp" />
		<Unit filename="tasks/Task.cpp" />
		<Unit filename="tasks/TaskManager.cpp" />
		<Unit filename="util/Directories.cpp" />
		<Unit filename="util/SemVer.cpp" />
		<Unit filename="util/Strings.cpp" />
		<Extensions>
			<lib_finder disable_auto="1" />
		</Extensions>
	</Project>
</CodeBlocks_project_file>
