<?xml version="1.0" encoding="UTF-8" standalone="yes" ?>
<CodeBlocks_project_file>
	<FileVersion major="1" minor="6" />
	<Project>
		<Option title="weather-information-collector-configtest" />
		<Option pch_mode="2" />
		<Option compiler="gcc" />
		<Build>
			<Target title="Debug">
				<Option output="bin/Debug/weather-information-collector-configtest" prefix_auto="1" extension_auto="1" />
				<Option object_output="obj/Debug/" />
				<Option type="1" />
				<Option compiler="gcc" />
				<Compiler>
					<Add option="-g" />
					<Add option="-DDEBUG" />
				</Compiler>
			</Target>
			<Target title="Release">
				<Option output="bin/Release/weather-information-collector-configtest" prefix_auto="1" extension_auto="1" />
				<Option object_output="obj/Release/" />
				<Option type="1" />
				<Option compiler="gcc" />
				<Compiler>
					<Add option="-O2" />
				</Compiler>
				<Linker>
					<Add option="-s" />
				</Linker>
			</Target>
		</Build>
		<Compiler>
			<Add option="-Weffc++" />
			<Add option="-pedantic" />
			<Add option="-Wall" />
			<Add option="-std=c++14" />
			<Add option="-fexceptions" />
			<Add option="-Dwic_no_json_parsing" />
			<Add option="-Dwic_no_network_requests" />
		</Compiler>
		<Linker>
			<Add library="boost_filesystem" />
			<Add library="boost_system" />
		</Linker>
		<Unit filename="../ReturnCodes.hpp" />
		<Unit filename="../Version.hpp" />
		<Unit filename="../api/API.hpp" />
		<Unit filename="../api/Apixu.cpp" />
		<Unit filename="../api/Apixu.hpp" />
		<Unit filename="../api/DarkSky.cpp" />
		<Unit filename="../api/DarkSky.hpp" />
		<Unit filename="../api/Factory.cpp" />
		<Unit filename="../api/Factory.hpp" />
		<Unit filename="../api/Limits.cpp" />
		<Unit filename="../api/Limits.hpp" />
		<Unit filename="../api/OpenWeatherMap.cpp" />
		<Unit filename="../api/OpenWeatherMap.hpp" />
		<Unit filename="../api/Types.cpp" />
		<Unit filename="../api/Types.hpp" />
		<Unit filename="../api/Weatherbit.cpp" />
		<Unit filename="../api/Weatherbit.hpp" />
		<Unit filename="../conf/Configuration.cpp" />
		<Unit filename="../conf/Configuration.hpp" />
		<Unit filename="../data/Forecast.cpp" />
		<Unit filename="../data/Forecast.hpp" />
		<Unit filename="../data/Location.cpp" />
		<Unit filename="../data/Location.hpp" />
		<Unit filename="../data/Weather.cpp" />
		<Unit filename="../data/Weather.hpp" />
		<Unit filename="../db/ConnectionInformation.cpp" />
		<Unit filename="../db/ConnectionInformation.hpp" />
		<Unit filename="../tasks/Task.cpp" />
		<Unit filename="../tasks/Task.hpp" />
		<Unit filename="../tasks/TaskManager.cpp" />
		<Unit filename="../tasks/TaskManager.hpp" />
		<Unit filename="../util/Directories.cpp" />
		<Unit filename="../util/Directories.hpp" />
		<Unit filename="../util/GitInfos.hpp" />
		<Unit filename="../util/GitInfos.template.cpp" />
		<Unit filename="../util/Strings.cpp" />
		<Unit filename="../util/Strings.hpp" />
		<Unit filename="main.cpp" />
		<Extensions>
			<envvars />
			<code_completion />
			<debugger />
			<lib_finder disable_auto="1" />
		</Extensions>
	</Project>
</CodeBlocks_project_file>
