<?xml version="1.0" encoding="UTF-8" standalone="yes" ?>
<CodeBlocks_project_file>
	<FileVersion major="1" minor="6" />
	<Project>
		<Option title="generic-json-tests" />
		<Option pch_mode="2" />
		<Option compiler="gcc" />
		<Build>
			<Target title="Release">
				<Option output="bin/Release/generic-json-tests" prefix_auto="1" extension_auto="1" />
				<Option object_output="obj/Release/" />
				<Option type="1" />
				<Option compiler="gcc" />
				<Compiler>
					<Add option="-O2" />
				</Compiler>
				<Linker>
					<Add option="-s" />
				</Linker>
			</Target>
		</Build>
		<Compiler>
			<Add option="-pedantic-errors" />
			<Add option="-pedantic" />
			<Add option="-Wextra" />
			<Add option="-Wall" />
			<Add option="-std=c++17" />
			<Add option="-fexceptions" />
		</Compiler>
		<Unit filename="../../../src/data/Weather.cpp" />
		<Unit filename="../../../src/data/Weather.hpp" />
		<Unit filename="../../../src/json/ApixuFunctions.cpp" />
		<Unit filename="../../../src/json/ApixuFunctions.hpp" />
		<Unit filename="../../../src/json/OpenMeteoFunctions.cpp" />
		<Unit filename="../../../src/json/OpenMeteoFunctions.hpp" />
		<Unit filename="../../../src/json/WeatherstackFunctions.cpp" />
		<Unit filename="../../../src/json/WeatherstackFunctions.hpp" />
		<Unit filename="../../find_catch.hpp" />
		<Unit filename="ApixuFunctions.cpp" />
		<Unit filename="OpenMeteoFunctions.cpp" />
		<Unit filename="WeatherstackFunctions.cpp" />
		<Unit filename="main.cpp" />
		<Extensions>
			<lib_finder disable_auto="1" />
		</Extensions>
	</Project>
</CodeBlocks_project_file>
