<?xml version="1.0" encoding="UTF-8" standalone="yes" ?>
<CodeBlocks_project_file>
	<FileVersion major="1" minor="6" />
	<Project>
		<Option title="weather-information-collector-synchronizer" />
		<Option pch_mode="2" />
		<Option compiler="gcc" />
		<Build>
			<Target title="Debug">
				<Option output="bin/Debug/weather-information-collector-synchronizer" prefix_auto="1" extension_auto="1" />
				<Option object_output="obj/Debug/" />
				<Option type="1" />
				<Option compiler="gcc" />
				<Compiler>
					<Add option="-g" />
				</Compiler>
			</Target>
			<Target title="Release">
				<Option output="bin/Release/weather-information-collector-synchronizer" prefix_auto="1" extension_auto="1" />
				<Option object_output="obj/Release/" />
				<Option type="1" />
				<Option compiler="gcc" />
				<Compiler>
					<Add option="-O2" />
				</Compiler>
				<Linker>
					<Add option="-s" />
				</Linker>
			</Target>
		</Build>
		<Compiler>
			<Add option="-std=c++11" />
			<Add option="-Wall" />
			<Add option="-fexceptions" />
			<Add option="-Dwic_sync" />
			<Add directory="/usr/include/mysql++" />
			<Add directory="/usr/include/mysql" />
		</Compiler>
		<Linker>
			<Add library="boost_filesystem" />
			<Add library="boost_system" />
			<Add library="mysqlpp" />
			<Add library="mysqlclient" />
		</Linker>
		<Unit filename="../ReturnCodes.hpp" />
		<Unit filename="../Version.hpp" />
		<Unit filename="../api/Types.cpp" />
		<Unit filename="../api/Types.hpp" />
		<Unit filename="../conf/Configuration.cpp" />
		<Unit filename="../conf/Configuration.hpp" />
		<Unit filename="../data/Forecast.cpp" />
		<Unit filename="../data/Forecast.hpp" />
		<Unit filename="../data/Location.cpp" />
		<Unit filename="../data/Location.hpp" />
		<Unit filename="../data/Weather.cpp" />
		<Unit filename="../data/Weather.hpp" />
		<Unit filename="../db/ConnectionInformation.cpp" />
		<Unit filename="../db/ConnectionInformation.hpp" />
		<Unit filename="../db/SSQLS_forecast.hpp" />
		<Unit filename="../db/SSQLS_forecastdata.hpp" />
		<Unit filename="../db/SSQLS_location.hpp" />
		<Unit filename="../db/SSQLS_weatherdata.hpp" />
		<Unit filename="../db/Utilities.cpp" />
		<Unit filename="../db/Utilities.hpp" />
		<Unit filename="../retrieve/SourceMySQL.cpp" />
		<Unit filename="../retrieve/SourceMySQL.hpp" />
		<Unit filename="../store/Store.hpp" />
		<Unit filename="../store/StoreMySQLBatch.cpp" />
		<Unit filename="../store/StoreMySQLBatch.hpp" />
		<Unit filename="../util/GitInfos.cpp" />
		<Unit filename="../util/GitInfos.hpp" />
		<Unit filename="../util/Strings.cpp" />
		<Unit filename="../util/Strings.hpp" />
		<Unit filename="main.cpp" />
		<Extensions>
			<code_completion />
			<envvars />
			<lib_finder disable_auto="1" />
			<debugger />
		</Extensions>
	</Project>
</CodeBlocks_project_file>
