<?xml version="1.0" encoding="UTF-8" standalone="yes" ?>
<CodeBlocks_project_file>
	<FileVersion major="1" minor="6" />
	<Project>
		<Option title="weather-information-collector-update" />
		<Option pch_mode="2" />
		<Option compiler="gcc" />
		<Build>
			<Target title="Release">
				<Option output="bin/Release/weather-information-collector-update" prefix_auto="1" extension_auto="1" />
				<Option object_output="obj/Release/" />
				<Option type="1" />
				<Option compiler="gcc" />
				<Compiler>
					<Add option="-O2" />
				</Compiler>
				<Linker>
					<Add option="-s" />
					<Add library="pthread" />
				</Linker>
			</Target>
		</Build>
		<Compiler>
			<Add option="-Wall" />
			<Add option="-std=c++17" />
			<Add option="-fexceptions" />
			<Add option="-pthread" />
			<Add option="-Dwic_no_network_requests" />
		</Compiler>
		<Linker>
			<Add library="stdc++fs" />
			<Add library="mariadb" />
		</Linker>
		<Unit filename="../../third-party/simdjson/simdjson.cpp" />
		<Unit filename="../../third-party/simdjson/simdjson.h" />
		<Unit filename="../Version.cpp" />
		<Unit filename="../Version.hpp" />
		<Unit filename="../api/API.hpp" />
		<Unit filename="../api/Apixu.cpp" />
		<Unit filename="../api/Apixu.hpp" />
		<Unit filename="../api/DarkSky.cpp" />
		<Unit filename="../api/DarkSky.hpp" />
		<Unit filename="../api/Factory.cpp" />
		<Unit filename="../api/Factory.hpp" />
		<Unit filename="../api/Limit.cpp" />
		<Unit filename="../api/Limit.hpp" />
		<Unit filename="../api/Limits.cpp" />
		<Unit filename="../api/Limits.hpp" />
		<Unit filename="../api/OpenWeatherMap.cpp" />
		<Unit filename="../api/OpenWeatherMap.hpp" />
		<Unit filename="../api/Plans.cpp" />
		<Unit filename="../api/Plans.hpp" />
		<Unit filename="../api/Types.cpp" />
		<Unit filename="../api/Types.hpp" />
		<Unit filename="../api/Weatherbit.cpp" />
		<Unit filename="../api/Weatherbit.hpp" />
		<Unit filename="../api/Weatherstack.cpp" />
		<Unit filename="../api/Weatherstack.hpp" />
		<Unit filename="../conf/Configuration.cpp" />
		<Unit filename="../conf/Configuration.hpp" />
		<Unit filename="../data/Forecast.cpp" />
		<Unit filename="../data/Forecast.hpp" />
		<Unit filename="../data/Location.cpp" />
		<Unit filename="../data/Location.hpp" />
		<Unit filename="../data/Weather.cpp" />
		<Unit filename="../data/Weather.hpp" />
		<Unit filename="../db/ConnectionInformation.cpp" />
		<Unit filename="../db/ConnectionInformation.hpp" />
		<Unit filename="../db/Exceptions.cpp" />
		<Unit filename="../db/Exceptions.hpp" />
		<Unit filename="../db/mariadb/API.cpp" />
		<Unit filename="../db/mariadb/API.hpp" />
		<Unit filename="../db/mariadb/Connection.cpp" />
		<Unit filename="../db/mariadb/Connection.hpp" />
		<Unit filename="../db/mariadb/Field.cpp" />
		<Unit filename="../db/mariadb/Field.hpp" />
		<Unit filename="../db/mariadb/Result.cpp" />
		<Unit filename="../db/mariadb/Result.hpp" />
		<Unit filename="../db/mariadb/Row.cpp" />
		<Unit filename="../db/mariadb/Row.hpp" />
		<Unit filename="../db/mariadb/Structure.cpp" />
		<Unit filename="../db/mariadb/Structure.hpp" />
		<Unit filename="../db/mariadb/guess.cpp" />
		<Unit filename="../db/mariadb/guess.hpp" />
		<Unit filename="../json/ApixuFunctions.cpp" />
		<Unit filename="../json/ApixuFunctions.hpp" />
		<Unit filename="../json/NLohmannJsonApixu.cpp" />
		<Unit filename="../json/NLohmannJsonApixu.hpp" />
		<Unit filename="../json/NLohmannJsonDarkSky.cpp" />
		<Unit filename="../json/NLohmannJsonDarkSky.hpp" />
		<Unit filename="../json/NLohmannJsonOwm.cpp" />
		<Unit filename="../json/NLohmannJsonOwm.hpp" />
		<Unit filename="../json/NLohmannJsonWeatherbit.cpp" />
		<Unit filename="../json/NLohmannJsonWeatherbit.hpp" />
		<Unit filename="../json/NLohmannJsonWeatherstack.cpp" />
		<Unit filename="../json/NLohmannJsonWeatherstack.hpp" />
		<Unit filename="../json/SimdJsonApixu.cpp" />
		<Unit filename="../json/SimdJsonApixu.hpp" />
		<Unit filename="../json/SimdJsonDarkSky.cpp" />
		<Unit filename="../json/SimdJsonDarkSky.hpp" />
		<Unit filename="../json/SimdJsonOwm.cpp" />
		<Unit filename="../json/SimdJsonOwm.hpp" />
		<Unit filename="../json/SimdJsonWeatherbit.cpp" />
		<Unit filename="../json/SimdJsonWeatherbit.hpp" />
		<Unit filename="../json/SimdJsonWeatherstack.cpp" />
		<Unit filename="../json/SimdJsonWeatherstack.hpp" />
		<Unit filename="../json/WeatherstackFunctions.cpp" />
		<Unit filename="../json/WeatherstackFunctions.hpp" />
		<Unit filename="../tasks/Task.cpp" />
		<Unit filename="../tasks/Task.hpp" />
		<Unit filename="../tasks/TaskManager.cpp" />
		<Unit filename="../tasks/TaskManager.hpp" />
		<Unit filename="../util/Directories.cpp" />
		<Unit filename="../util/Directories.hpp" />
		<Unit filename="../util/GitInfos.hpp" />
		<Unit filename="../util/GitInfos.template.cpp" />
		<Unit filename="../util/SemVer.cpp" />
		<Unit filename="../util/SemVer.hpp" />
		<Unit filename="../util/Strings.cpp" />
		<Unit filename="../util/Strings.hpp" />
		<Unit filename="ForecastDataUpdate_0.8.3.cpp" />
		<Unit filename="ForecastDataUpdate_0.8.3.hpp" />
		<Unit filename="UpdateTo_0.5.5.cpp" />
		<Unit filename="UpdateTo_0.5.5.hpp" />
		<Unit filename="UpdateTo_0.6.0.cpp" />
		<Unit filename="UpdateTo_0.6.0.hpp" />
		<Unit filename="UpdateTo_0.6.6.cpp" />
		<Unit filename="UpdateTo_0.6.6.hpp" />
		<Unit filename="UpdateTo_0.7.0.cpp" />
		<Unit filename="UpdateTo_0.7.0.hpp" />
		<Unit filename="UpdateTo_0.8.0.cpp" />
		<Unit filename="UpdateTo_0.8.0.hpp" />
		<Unit filename="UpdateTo_0.8.1.cpp" />
		<Unit filename="UpdateTo_0.8.1.hpp" />
		<Unit filename="UpdateTo_0.8.3.cpp" />
		<Unit filename="UpdateTo_0.8.3.hpp" />
		<Unit filename="UpdateTo_0.8.5.cpp" />
		<Unit filename="UpdateTo_0.8.5.hpp" />
		<Unit filename="UpdateTo_0.8.6.cpp" />
		<Unit filename="UpdateTo_0.8.6.hpp" />
		<Unit filename="UpdateTo_0.9.0.cpp" />
		<Unit filename="UpdateTo_0.9.0.hpp" />
		<Unit filename="UpdateTo_0.9.17.cpp" />
		<Unit filename="UpdateTo_0.9.17.hpp" />
		<Unit filename="UpdateTo_0.9.7.cpp" />
		<Unit filename="UpdateTo_0.9.7.hpp" />
		<Unit filename="WeatherDataUpdate_0.8.3.cpp" />
		<Unit filename="WeatherDataUpdate_0.8.3.hpp" />
		<Unit filename="main.cpp" />
		<Extensions>
			<lib_finder disable_auto="1" />
		</Extensions>
	</Project>
</CodeBlocks_project_file>
