<?xml version="1.0" encoding="UTF-8" standalone="yes" ?>
<CodeBlocks_project_file>
	<FileVersion major="1" minor="6" />
	<Project>
		<Option title="taskmanager-tests" />
		<Option pch_mode="2" />
		<Option compiler="gcc" />
		<Build>
			<Target title="Release">
				<Option output="bin/Release/taskmanager-tests" prefix_auto="1" extension_auto="1" />
				<Option object_output="obj/Release/" />
				<Option type="1" />
				<Option compiler="gcc" />
				<Compiler>
					<Add option="-O2" />
				</Compiler>
				<Linker>
					<Add option="-s" />
				</Linker>
			</Target>
		</Build>
		<Compiler>
			<Add option="-Weffc++" />
			<Add option="-pedantic" />
			<Add option="-Wall" />
			<Add option="-std=c++11" />
			<Add option="-fexceptions" />
		</Compiler>
		<Linker>
			<Add library="boost_filesystem" />
			<Add library="boost_system" />
		</Linker>
		<Unit filename="../../../src/api/Limits.cpp" />
		<Unit filename="../../../src/api/Limits.hpp" />
		<Unit filename="../../../src/api/Types.cpp" />
		<Unit filename="../../../src/api/Types.hpp" />
		<Unit filename="../../../src/data/Location.cpp" />
		<Unit filename="../../../src/data/Location.hpp" />
		<Unit filename="../../../src/data/Weather.cpp" />
		<Unit filename="../../../src/data/Weather.hpp" />
		<Unit filename="../../../src/tasks/Task.cpp" />
		<Unit filename="../../../src/tasks/Task.hpp" />
		<Unit filename="../../../src/tasks/TaskManager.cpp" />
		<Unit filename="../../../src/tasks/TaskManager.hpp" />
		<Unit filename="../../../src/util/Strings.cpp" />
		<Unit filename="../../../src/util/Strings.hpp" />
		<Unit filename="main.cpp" />
		<Extensions>
			<envvars />
			<code_completion />
			<debugger />
			<lib_finder disable_auto="1" />
		</Extensions>
	</Project>
</CodeBlocks_project_file>
